<?xml version="1.0" encoding="utf-8"?>
<Project ToolsVersion="18.0" xmlns="http://schemas.microsoft.com/developer/msbuild/2003">
  <ItemGroup>
    <ClCompile Include="D:\VST_Project\Ambience\Source\DSP\DSPTestRunner.cpp">
      <Filter>Source Files</Filter>
    </ClCompile>
    <ClCompile Include="D:\VST_Project\Ambience\Source\DSP\BiquadFilters.cpp">
      <Filter>Source Files</Filter>
    </ClCompile>
    <ClCompile Include="D:\VST_Project\Ambience\Source\DSP\MagnitudeResponseFitter.cpp">
      <Filter>Source Files</Filter>
    </ClCompile>
    <ClCompile Include="D:\VST_Project\Ambience\Source\DSP\UniversalEngine.cpp">
      <Filter>Source Files</Filter>
    </ClCompile>
    <ClCompile Include="D:\VST_Project\Ambience\Source\DSP\AcousticMetrics.cpp">
      <Filter>Source Files</Filter>
    </ClCompile>
    <ClCompile Include="C:\JUCE\modules\juce_core\juce_core.cpp">
      <Filter>Source Files</Filter>
    </ClCompile>
    <ClCompile Include="C:\JUCE\modules\juce_core\juce_core_CompilationTime.cpp">
      <Filter>Source Files</Filter>
    </ClCompile>
    <ClCompile Include="C:\JUCE\modules\juce_audio_basics\juce_audio_basics.cpp">
      <Filter>Source Files</Filter>
    </ClCompile>
    <ClCompile Include="C:\JUCE\modules\juce_audio_formats\juce_audio_formats.cpp">
      <Filter>Source Files</Filter>
    </ClCompile>
    <ClCompile Include="C:\JUCE\modules\juce_dsp\juce_dsp.cpp">
      <Filter>Source Files</Filter>
    </ClCompile>
  </ItemGroup>
  <ItemGroup>
    <ClInclude Include="D:\VST_Project\Ambience\Source\AlgorithmPresets.h">
      <Filter>Header Files</Filter>
    </ClInclude>
    <ClInclude Include="D:\VST_Project\Ambience\TB\b\DSPTestRunner_artefacts\JuceLibraryCode\JuceHeader.h">
      <Filter>Header Files</Filter>
    </ClInclude>
  </ItemGroup>
  <ItemGroup>
    <CustomBuild Include="D:\VST_Project\Ambience\TB\b\CMakeFiles\3bd870bb24e3325b7f5041c3b14b19bb\JuceHeader.h.rule">
      <Filter>CMake Rules</Filter>
    </CustomBuild>
    <CustomBuild Include="D:\VST_Project\Ambience\TB\CMakeLists.txt" />
  </ItemGroup>
  <ItemGroup>
    <Object Include="D:\VST_Project\Ambience\TB\b\DSPTestRunner_rc_lib.dir\$(Configuration)\DSPTestRunner_resources.res">
      <Filter>Object Libraries</Filter>
    </Object>
  </ItemGroup>
  <ItemGroup>
    <Filter Include="CMake Rules">
      <UniqueIdentifier>{FF1B3574-C3BE-3609-9037-CDA241BFCF2D}</UniqueIdentifier>
    </Filter>
    <Filter Include="Header Files">
      <UniqueIdentifier>{2D53046E-A9A6-32C8-8B3C-8530BA6ECC84}</UniqueIdentifier>
    </Filter>
    <Filter Include="Object Libraries">
      <UniqueIdentifier>{E3B37D06-603F-33DD-88CA-CEF27CFCD34B}</UniqueIdentifier>
    </Filter>
    <Filter Include="Source Files">
      <UniqueIdentifier>{7C5138B3-251B-3F2C-978D-31B3CCC7FA2A}</UniqueIdentifier>
    </Filter>
  </ItemGroup>
</Project>
